
Microsoft Visual Studio Solution File, Format Version 12.00
# Visual Studio 14
VisualStudioVersion = 14.0.25420.1
MinimumVisualStudioVersion = 10.0.40219.1
Project("{FAE04EC0-301F-11D3-BF4B-00C04F79EFBC}") = "Ahorcado", "Ahorcado\Ahorcado.csproj", "{EBB6128B-A0F8-42DC-98F6-EBF63F2C9334}"
EndProject
Project("{FAE04EC0-301F-11D3-BF4B-00C04F79EFBC}") = "Models.Library", "Models.Library\Models.Library.csproj", "{2DBA2AE0-0896-45CA-8387-131C258078BD}"
EndProject
Project("{FAE04EC0-301F-11D3-BF4B-00C04F79EFBC}") = "Models.LibraryUnitTests", "Models.LibraryUnitTests\Models.LibraryUnitTests.csproj", "{005A8723-5CF1-4B94-8EAF-0802E8C4B402}"
EndProject
Project("{FAE04EC0-301F-11D3-BF4B-00C04F79EFBC}") = "Ahorcado.ServiceLibrary", "Ahorcado.ServiceLibrary\Ahorcado.ServiceLibrary.csproj", "{47B92551-2087-427E-925B-C46534A4B2DA}"
EndProject
Global
	GlobalSection(SolutionConfigurationPlatforms) = preSolution
		Debug|Any CPU = Debug|Any CPU
		Release|Any CPU = Release|Any CPU
	EndGlobalSection
	GlobalSection(ProjectConfigurationPlatforms) = postSolution
		{EBB6128B-A0F8-42DC-98F6-EBF63F2C9334}.Debug|Any CPU.ActiveCfg = Debug|Any CPU
		{EBB6128B-A0F8-42DC-98F6-EBF63F2C9334}.Debug|Any CPU.Build.0 = Debug|Any CPU
		{EBB6128B-A0F8-42DC-98F6-EBF63F2C9334}.Release|Any CPU.ActiveCfg = Release|Any CPU
		{EBB6128B-A0F8-42DC-98F6-EBF63F2C9334}.Release|Any CPU.Build.0 = Release|Any CPU
		{2DBA2AE0-0896-45CA-8387-131C258078BD}.Debug|Any CPU.ActiveCfg = Debug|Any CPU
		{2DBA2AE0-0896-45CA-8387-131C258078BD}.Debug|Any CPU.Build.0 = Debug|Any CPU
		{2DBA2AE0-0896-45CA-8387-131C258078BD}.Release|Any CPU.ActiveCfg = Release|Any CPU
		{2DBA2AE0-0896-45CA-8387-131C258078BD}.Release|Any CPU.Build.0 = Release|Any CPU
		{005A8723-5CF1-4B94-8EAF-0802E8C4B402}.Debug|Any CPU.ActiveCfg = Debug|Any CPU
		{005A8723-5CF1-4B94-8EAF-0802E8C4B402}.Debug|Any CPU.Build.0 = Debug|Any CPU
		{005A8723-5CF1-4B94-8EAF-0802E8C4B402}.Release|Any CPU.ActiveCfg = Release|Any CPU
		{005A8723-5CF1-4B94-8EAF-0802E8C4B402}.Release|Any CPU.Build.0 = Release|Any CPU
		{47B92551-2087-427E-925B-C46534A4B2DA}.Debug|Any CPU.ActiveCfg = Debug|Any CPU
		{47B92551-2087-427E-925B-C46534A4B2DA}.Debug|Any CPU.Build.0 = Debug|Any CPU
		{47B92551-2087-427E-925B-C46534A4B2DA}.Release|Any CPU.ActiveCfg = Release|Any CPU
		{47B92551-2087-427E-925B-C46534A4B2DA}.Release|Any CPU.Build.0 = Release|Any CPU
	EndGlobalSection
	GlobalSection(SolutionProperties) = preSolution
		HideSolutionNode = FALSE
	EndGlobalSection
EndGlobal
